
Microsoft Visual Studio Solution File, Format Version 12.00
# Visual Studio Version 16
VisualStudioVersion = 16.0.29613.14
MinimumVisualStudioVersion = 10.0.40219.1
Project("{9A19103F-16F7-4668-BE54-9A1E7A4F7556}") = "Web", "Web\Web.csproj", "{2604ADB5-B2E1-4D8F-A4A8-1FD643F484E3}"
EndProject
Project("{2150E333-8FDC-42A3-9474-1A3956D46DE8}") = "Library", "Library", "{3CB55E01-6A3C-48A4-AB4B-E0CBC4C7C02E}"
EndProject
Project("{2150E333-8FDC-42A3-9474-1A3956D46DE8}") = "01_Framework", "01_Framework", "{1D635397-EDD6-4FEE-B4BF-E6D2FEBA919E}"
EndProject
Project("{2150E333-8FDC-42A3-9474-1A3956D46DE8}") = "src", "src", "{FFA6C807-D54B-4929-A8C7-C90CD2DFA819}"
EndProject
Project("{2150E333-8FDC-42A3-9474-1A3956D46DE8}") = "02_Admin", "02_Admin", "{E0AEA811-0F41-483D-B88A-D426650A2B1A}"
EndProject
Project("{2150E333-8FDC-42A3-9474-1A3956D46DE8}") = "00_Utils", "00_Utils", "{D2F270BE-4B73-47B6-BBFC-38A302BCE5FA}"
EndProject
Project("{2150E333-8FDC-42A3-9474-1A3956D46DE8}") = "01_Cache", "01_Cache", "{B256F989-52A2-4C14-81AC-25C33DC974FD}"
EndProject
Project("{9A19103F-16F7-4668-BE54-9A1E7A4F7556}") = "Application", "src\02_Admin\Library\Application\Application.csproj", "{382DA06B-BE3D-40CE-9C11-3E7F834C0510}"
EndProject
Project("{9A19103F-16F7-4668-BE54-9A1E7A4F7556}") = "Domain", "src\02_Admin\Library\Domain\Domain.csproj", "{F184442C-29FC-4737-9815-3471C129DA06}"
EndProject
Project("{9A19103F-16F7-4668-BE54-9A1E7A4F7556}") = "Infrastructure", "src\02_Admin\Library\Infrastructure\Infrastructure.csproj", "{1FF50945-5332-4D6E-8380-8B944658EE4A}"
EndProject
Project("{9A19103F-16F7-4668-BE54-9A1E7A4F7556}") = "Quartzs", "src\02_Admin\Library\Quartzs\Quartzs.csproj", "{44EAF62C-08D6-405D-A932-1A444120CE3B}"
EndProject
Project("{9A19103F-16F7-4668-BE54-9A1E7A4F7556}") = "Cache.Redis", "src\01_Framework\01_Cache\Cache.Redis\Cache.Redis.csproj", "{F5D6921C-9E8C-4899-A0B1-9772F1F8F004}"
EndProject
Project("{FAE04EC0-301F-11D3-BF4B-00C04F79EFBC}") = "EFCore.Models", "src\02_Admin\Library\EFCore.Models\EFCore.Models.csproj", "{F5F5DF78-C356-4943-B86E-95A1A089D555}"
EndProject
Project("{2150E333-8FDC-42A3-9474-1A3956D46DE8}") = "03_Web", "03_Web", "{C7EC1D16-0D84-41ED-AC5C-B083D1D16BE5}"
EndProject
Global
	GlobalSection(SolutionConfigurationPlatforms) = preSolution
		Debug|Any CPU = Debug|Any CPU
		Release|Any CPU = Release|Any CPU
	EndGlobalSection
	GlobalSection(ProjectConfigurationPlatforms) = postSolution
		{2604ADB5-B2E1-4D8F-A4A8-1FD643F484E3}.Debug|Any CPU.ActiveCfg = Debug|Any CPU
		{2604ADB5-B2E1-4D8F-A4A8-1FD643F484E3}.Debug|Any CPU.Build.0 = Debug|Any CPU
		{2604ADB5-B2E1-4D8F-A4A8-1FD643F484E3}.Release|Any CPU.ActiveCfg = Release|Any CPU
		{2604ADB5-B2E1-4D8F-A4A8-1FD643F484E3}.Release|Any CPU.Build.0 = Release|Any CPU
		{382DA06B-BE3D-40CE-9C11-3E7F834C0510}.Debug|Any CPU.ActiveCfg = Debug|Any CPU
		{382DA06B-BE3D-40CE-9C11-3E7F834C0510}.Debug|Any CPU.Build.0 = Debug|Any CPU
		{382DA06B-BE3D-40CE-9C11-3E7F834C0510}.Release|Any CPU.ActiveCfg = Release|Any CPU
		{382DA06B-BE3D-40CE-9C11-3E7F834C0510}.Release|Any CPU.Build.0 = Release|Any CPU
		{F184442C-29FC-4737-9815-3471C129DA06}.Debug|Any CPU.ActiveCfg = Debug|Any CPU
		{F184442C-29FC-4737-9815-3471C129DA06}.Debug|Any CPU.Build.0 = Debug|Any CPU
		{F184442C-29FC-4737-9815-3471C129DA06}.Release|Any CPU.ActiveCfg = Release|Any CPU
		{F184442C-29FC-4737-9815-3471C129DA06}.Release|Any CPU.Build.0 = Release|Any CPU
		{1FF50945-5332-4D6E-8380-8B944658EE4A}.Debug|Any CPU.ActiveCfg = Debug|Any CPU
		{1FF50945-5332-4D6E-8380-8B944658EE4A}.Debug|Any CPU.Build.0 = Debug|Any CPU
		{1FF50945-5332-4D6E-8380-8B944658EE4A}.Release|Any CPU.ActiveCfg = Release|Any CPU
		{1FF50945-5332-4D6E-8380-8B944658EE4A}.Release|Any CPU.Build.0 = Release|Any CPU
		{44EAF62C-08D6-405D-A932-1A444120CE3B}.Debug|Any CPU.ActiveCfg = Debug|Any CPU
		{44EAF62C-08D6-405D-A932-1A444120CE3B}.Debug|Any CPU.Build.0 = Debug|Any CPU
		{44EAF62C-08D6-405D-A932-1A444120CE3B}.Release|Any CPU.ActiveCfg = Release|Any CPU
		{44EAF62C-08D6-405D-A932-1A444120CE3B}.Release|Any CPU.Build.0 = Release|Any CPU
		{F5D6921C-9E8C-4899-A0B1-9772F1F8F004}.Debug|Any CPU.ActiveCfg = Debug|Any CPU
		{F5D6921C-9E8C-4899-A0B1-9772F1F8F004}.Debug|Any CPU.Build.0 = Debug|Any CPU
		{F5D6921C-9E8C-4899-A0B1-9772F1F8F004}.Release|Any CPU.ActiveCfg = Release|Any CPU
		{F5D6921C-9E8C-4899-A0B1-9772F1F8F004}.Release|Any CPU.Build.0 = Release|Any CPU
		{F5F5DF78-C356-4943-B86E-95A1A089D555}.Debug|Any CPU.ActiveCfg = Debug|Any CPU
		{F5F5DF78-C356-4943-B86E-95A1A089D555}.Debug|Any CPU.Build.0 = Debug|Any CPU
		{F5F5DF78-C356-4943-B86E-95A1A089D555}.Release|Any CPU.ActiveCfg = Release|Any CPU
		{F5F5DF78-C356-4943-B86E-95A1A089D555}.Release|Any CPU.Build.0 = Release|Any CPU
	EndGlobalSection
	GlobalSection(SolutionProperties) = preSolution
		HideSolutionNode = FALSE
	EndGlobalSection
	GlobalSection(NestedProjects) = preSolution
		{2604ADB5-B2E1-4D8F-A4A8-1FD643F484E3} = {C7EC1D16-0D84-41ED-AC5C-B083D1D16BE5}
		{3CB55E01-6A3C-48A4-AB4B-E0CBC4C7C02E} = {E0AEA811-0F41-483D-B88A-D426650A2B1A}
		{1D635397-EDD6-4FEE-B4BF-E6D2FEBA919E} = {FFA6C807-D54B-4929-A8C7-C90CD2DFA819}
		{E0AEA811-0F41-483D-B88A-D426650A2B1A} = {FFA6C807-D54B-4929-A8C7-C90CD2DFA819}
		{D2F270BE-4B73-47B6-BBFC-38A302BCE5FA} = {1D635397-EDD6-4FEE-B4BF-E6D2FEBA919E}
		{B256F989-52A2-4C14-81AC-25C33DC974FD} = {1D635397-EDD6-4FEE-B4BF-E6D2FEBA919E}
		{382DA06B-BE3D-40CE-9C11-3E7F834C0510} = {3CB55E01-6A3C-48A4-AB4B-E0CBC4C7C02E}
		{F184442C-29FC-4737-9815-3471C129DA06} = {3CB55E01-6A3C-48A4-AB4B-E0CBC4C7C02E}
		{1FF50945-5332-4D6E-8380-8B944658EE4A} = {3CB55E01-6A3C-48A4-AB4B-E0CBC4C7C02E}
		{44EAF62C-08D6-405D-A932-1A444120CE3B} = {3CB55E01-6A3C-48A4-AB4B-E0CBC4C7C02E}
		{F5D6921C-9E8C-4899-A0B1-9772F1F8F004} = {B256F989-52A2-4C14-81AC-25C33DC974FD}
		{F5F5DF78-C356-4943-B86E-95A1A089D555} = {3CB55E01-6A3C-48A4-AB4B-E0CBC4C7C02E}
		{C7EC1D16-0D84-41ED-AC5C-B083D1D16BE5} = {FFA6C807-D54B-4929-A8C7-C90CD2DFA819}
	EndGlobalSection
	GlobalSection(ExtensibilityGlobals) = postSolution
		SolutionGuid = {47B6BE9A-58A3-4740-8A66-8C5B0F258E8E}
	EndGlobalSection
EndGlobal
